// !$*UTF8*$!
{
	archiveVersion = 1;
	classes = {
	};
	objectVersion = 56;
	objects = {

/* Begin PBXBuildFile section */
		3F57A33FB7CA2335E0DF4936 /* Pods_1_Realm.framework in Frameworks */ = {isa = PBXBuildFile; fileRef = FFCFF959D209B4B4A8FE1FD0 /* Pods_1_Realm.framework */; };
		7889D40C292104D4002A54A5 /* AppDelegate.swift in Sources */ = {isa = PBXBuildFile; fileRef = 7889D40B292104D4002A54A5 /* AppDelegate.swift */; };
		7889D40E292104D4002A54A5 /* SceneDelegate.swift in Sources */ = {isa = PBXBuildFile; fileRef = 7889D40D292104D4002A54A5 /* SceneDelegate.swift */; };
		7889D410292104D4002A54A5 /* ViewController.swift in Sources */ = {isa = PBXBuildFile; fileRef = 7889D40F292104D4002A54A5 /* ViewController.swift */; };
		7889D413292104D4002A54A5 /* Main.storyboard in Resources */ = {isa = PBXBuildFile; fileRef = 7889D411292104D4002A54A5 /* Main.storyboard */; };
		7889D415292104D5002A54A5 /* Assets.xcassets in Resources */ = {isa = PBXBuildFile; fileRef = 7889D414292104D5002A54A5 /* Assets.xcassets */; };
		7889D418292104D5002A54A5 /* LaunchScreen.storyboard in Resources */ = {isa = PBXBuildFile; fileRef = 7889D416292104D5002A54A5 /* LaunchScreen.storyboard */; };
		7889D4202921327D002A54A5 /* ModelRealmSwift.swift in Sources */ = {isa = PBXBuildFile; fileRef = 7889D41F2921327D002A54A5 /* ModelRealmSwift.swift */; };
		7889D422292132E7002A54A5 /* PlanTableViewCell.swift in Sources */ = {isa = PBXBuildFile; fileRef = 7889D421292132E7002A54A5 /* PlanTableViewCell.swift */; };
/* End PBXBuildFile section */

/* Begin PBXFileReference section */
		1EBBA29D47E5F49CA6B062D4 /* Pods-1.Realm.debug.xcconfig */ = {isa = PBXFileReference; includeInIndex = 1; lastKnownFileType = text.xcconfig; name = "Pods-1.Realm.debug.xcconfig"; path = "Target Support Files/Pods-1.Realm/Pods-1.Realm.debug.xcconfig"; sourceTree = "<group>"; };
		7889D408292104D4002A54A5 /* 1.Realm.app */ = {isa = PBXFileReference; explicitFileType = wrapper.application; includeInIndex = 0; path = 1.Realm.app; sourceTree = BUILT_PRODUCTS_DIR; };
		7889D40B292104D4002A54A5 /* AppDelegate.swift */ = {isa = PBXFileReference; lastKnownFileType = sourcecode.swift; path = AppDelegate.swift; sourceTree = "<group>"; };
		7889D40D292104D4002A54A5 /* SceneDelegate.swift */ = {isa = PBXFileReference; lastKnownFileType = sourcecode.swift; path = SceneDelegate.swift; sourceTree = "<group>"; };
		7889D40F292104D4002A54A5 /* ViewController.swift */ = {isa = PBXFileReference; lastKnownFileType = sourcecode.swift; path = ViewController.swift; sourceTree = "<group>"; };
		7889D412292104D4002A54A5 /* Base */ = {isa = PBXFileReference; lastKnownFileType = file.storyboard; name = Base; path = Base.lproj/Main.storyboard; sourceTree = "<group>"; };
		7889D414292104D5002A54A5 /* Assets.xcassets */ = {isa = PBXFileReference; lastKnownFileType = folder.assetcatalog; path = Assets.xcassets; sourceTree = "<group>"; };
		7889D417292104D5002A54A5 /* Base */ = {isa = PBXFileReference; lastKnownFileType = file.storyboard; name = Base; path = Base.lproj/LaunchScreen.storyboard; sourceTree = "<group>"; };
		7889D419292104D5002A54A5 /* Info.plist */ = {isa = PBXFileReference; lastKnownFileType = text.plist.xml; path = Info.plist; sourceTree = "<group>"; };
		7889D41F2921327D002A54A5 /* ModelRealmSwift.swift */ = {isa = PBXFileReference; lastKnownFileType = sourcecode.swift; path = ModelRealmSwift.swift; sourceTree = "<group>"; };
		7889D421292132E7002A54A5 /* PlanTableViewCell.swift */ = {isa = PBXFileReference; lastKnownFileType = sourcecode.swift; path = PlanTableViewCell.swift; sourceTree = "<group>"; };
		ADF6889A449C4EDBC64E46E3 /* Pods-1.Realm.release.xcconfig */ = {isa = PBXFileReference; includeInIndex = 1; lastKnownFileType = text.xcconfig; name = "Pods-1.Realm.release.xcconfig"; path = "Target Support Files/Pods-1.Realm/Pods-1.Realm.release.xcconfig"; sourceTree = "<group>"; };
		FFCFF959D209B4B4A8FE1FD0 /* Pods_1_Realm.framework */ = {isa = PBXFileReference; explicitFileType = wrapper.framework; includeInIndex = 0; path = Pods_1_Realm.framework; sourceTree = BUILT_PRODUCTS_DIR; };
/* End PBXFileReference section */

/* Begin PBXFrameworksBuildPhase section */
		7889D405292104D4002A54A5 /* Frameworks */ = {
			isa = PBXFrameworksBuildPhase;
			buildActionMask = 2147483647;
			files = (
				3F57A33FB7CA2335E0DF4936 /* Pods_1_Realm.framework in Frameworks */,
			);
			runOnlyForDeploymentPostprocessing = 0;
		};
/* End PBXFrameworksBuildPhase section */

/* Begin PBXGroup section */
		0157A5DC6FC30E855888BF03 /* Pods */ = {
			isa = PBXGroup;
			children = (
				1EBBA29D47E5F49CA6B062D4 /* Pods-1.Realm.debug.xcconfig */,
				ADF6889A449C4EDBC64E46E3 /* Pods-1.Realm.release.xcconfig */,
			);
			path = Pods;
			sourceTree = "<group>";
		};
		6D42A0270320B4D826E0A4A5 /* Frameworks */ = {
			isa = PBXGroup;
			children = (
				FFCFF959D209B4B4A8FE1FD0 /* Pods_1_Realm.framework */,
			);
			name = Frameworks;
			sourceTree = "<group>";
		};
		7889D3FF292104D4002A54A5 = {
			isa = PBXGroup;
			children = (
				7889D40A292104D4002A54A5 /* 1.Realm */,
				7889D409292104D4002A54A5 /* Products */,
				0157A5DC6FC30E855888BF03 /* Pods */,
				6D42A0270320B4D826E0A4A5 /* Frameworks */,
			);
			sourceTree = "<group>";
		};
		7889D409292104D4002A54A5 /* Products */ = {
			isa = PBXGroup;
			children = (
				7889D408292104D4002A54A5 /* 1.Realm.app */,
			);
			name = Products;
			sourceTree = "<group>";
		};
		7889D40A292104D4002A54A5 /* 1.Realm */ = {
			isa = PBXGroup;
			children = (
				7889D40B292104D4002A54A5 /* AppDelegate.swift */,
				7889D40D292104D4002A54A5 /* SceneDelegate.swift */,
				7889D40F292104D4002A54A5 /* ViewController.swift */,
				7889D421292132E7002A54A5 /* PlanTableViewCell.swift */,
				7889D41F2921327D002A54A5 /* ModelRealmSwift.swift */,
				7889D411292104D4002A54A5 /* Main.storyboard */,
				7889D414292104D5002A54A5 /* Assets.xcassets */,
				7889D416292104D5002A54A5 /* LaunchScreen.storyboard */,
				7889D419292104D5002A54A5 /* Info.plist */,
			);
			path = 1.Realm;
			sourceTree = "<group>";
		};
/* End PBXGroup section */

/* Begin PBXNativeTarget section */
		7889D407292104D4002A54A5 /* 1.Realm */ = {
			isa = PBXNativeTarget;
			buildConfigurationList = 7889D41C292104D5002A54A5 /* Build configuration list for PBXNativeTarget "1.Realm" */;
			buildPhases = (
				59D5A31D357FA8BE87F31C80 /* [CP] Check Pods Manifest.lock */,
				7889D404292104D4002A54A5 /* Sources */,
				7889D405292104D4002A54A5 /* Frameworks */,
				7889D406292104D4002A54A5 /* Resources */,
				4741105C8E6C4A455DDEBCB6 /* [CP] Embed Pods Frameworks */,
			);
			buildRules = (
			);
			dependencies = (
			);
			name = 1.Realm;
			productName = 1.Realm;
			productReference = 7889D408292104D4002A54A5 /* 1.Realm.app */;
			productType = "com.apple.product-type.application";
		};
/* End PBXNativeTarget section */

/* Begin PBXProject section */
		7889D400292104D4002A54A5 /* Project object */ = {
			isa = PBXProject;
			attributes = {
				BuildIndependentTargetsInParallel = 1;
				LastSwiftUpdateCheck = 1410;
				LastUpgradeCheck = 1410;
				TargetAttributes = {
					7889D407292104D4002A54A5 = {
						CreatedOnToolsVersion = 14.1;
					};
				};
			};
			buildConfigurationList = 7889D403292104D4002A54A5 /* Build configuration list for PBXProject "1.Realm" */;
			compatibilityVersion = "Xcode 14.0";
			developmentRegion = en;
			hasScannedForEncodings = 0;
			knownRegions = (
				en,
				Base,
			);
			mainGroup = 7889D3FF292104D4002A54A5;
			productRefGroup = 7889D409292104D4002A54A5 /* Products */;
			projectDirPath = "";
			projectRoot = "";
			targets = (
				7889D407292104D4002A54A5 /* 1.Realm */,
			);
		};
/* End PBXProject section */

/* Begin PBXResourcesBuildPhase section */
		7889D406292104D4002A54A5 /* Resources */ = {
			isa = PBXResourcesBuildPhase;
			buildActionMask = 2147483647;
			files = (
				7889D418292104D5002A54A5 /* LaunchScreen.storyboard in Resources */,
				7889D415292104D5002A54A5 /* Assets.xcassets in Resources */,
				7889D413292104D4002A54A5 /* Main.storyboard in Resources */,
			);
			runOnlyForDeploymentPostprocessing = 0;
		};
/* End PBXResourcesBuildPhase section */

/* Begin PBXShellScriptBuildPhase section */
		4741105C8E6C4A455DDEBCB6 /* [CP] Embed Pods Frameworks */ = {
			isa = PBXShellScriptBuildPhase;
			buildActionMask = 2147483647;
			files = (
			);
			inputFileListPaths = (
				"${PODS_ROOT}/Target Support Files/Pods-1.Realm/Pods-1.Realm-frameworks-${CONFIGURATION}-input-files.xcfilelist",
			);
			name = "[CP] Embed Pods Frameworks";
			outputFileListPaths = (
				"${PODS_ROOT}/Target Support Files/Pods-1.Realm/Pods-1.Realm-frameworks-${CONFIGURATION}-output-files.xcfilelist",
			);
			runOnlyForDeploymentPostprocessing = 0;
			shellPath = /bin/sh;
			shellScript = "\"${PODS_ROOT}/Target Support Files/Pods-1.Realm/Pods-1.Realm-frameworks.sh\"\n";
			showEnvVarsInLog = 0;
		};
		59D5A31D357FA8BE87F31C80 /* [CP] Check Pods Manifest.lock */ = {
			isa = PBXShellScriptBuildPhase;
			buildActionMask = 2147483647;
			files = (
			);
			inputFileListPaths = (
			);
			inputPaths = (
				"${PODS_PODFILE_DIR_PATH}/Podfile.lock",
				"${PODS_ROOT}/Manifest.lock",
			);
			name = "[CP] Check Pods Manifest.lock";
			outputFileListPaths = (
			);
			outputPaths = (
				"$(DERIVED_FILE_DIR)/Pods-1.Realm-checkManifestLockResult.txt",
			);
			runOnlyForDeploymentPostprocessing = 0;
			shellPath = /bin/sh;
			shellScript = "diff \"${PODS_PODFILE_DIR_PATH}/Podfile.lock\" \"${PODS_ROOT}/Manifest.lock\" > /dev/null\nif [ $? != 0 ] ; then\n    # print error to STDERR\n    echo \"error: The sandbox is not in sync with the Podfile.lock. Run 'pod install' or update your CocoaPods installation.\" >&2\n    exit 1\nfi\n# This output is used by Xcode 'outputs' to avoid re-running this script phase.\necho \"SUCCESS\" > \"${SCRIPT_OUTPUT_FILE_0}\"\n";
			showEnvVarsInLog = 0;
		};
/* End PBXShellScriptBuildPhase section */

/* Begin PBXSourcesBuildPhase section */
		7889D404292104D4002A54A5 /* Sources */ = {
			isa = PBXSourcesBuildPhase;
			buildActionMask = 2147483647;
			files = (
				7889D410292104D4002A54A5 /* ViewController.swift in Sources */,
				7889D40C292104D4002A54A5 /* AppDelegate.swift in Sources */,
				7889D40E292104D4002A54A5 /* SceneDelegate.swift in Sources */,
				7889D4202921327D002A54A5 /* ModelRealmSwift.swift in Sources */,
				7889D422292132E7002A54A5 /* PlanTableViewCell.swift in Sources */,
			);
			runOnlyForDeploymentPostprocessing = 0;
		};
/* End PBXSourcesBuildPhase section */

/* Begin PBXVariantGroup section */
		7889D411292104D4002A54A5 /* Main.storyboard */ = {
			isa = PBXVariantGroup;
			children = (
				7889D412292104D4002A54A5 /* Base */,
			);
			name = Main.storyboard;
			sourceTree = "<group>";
		};
		7889D416292104D5002A54A5 /* LaunchScreen.storyboard */ = {
			isa = PBXVariantGroup;
			children = (
				7889D417292104D5002A54A5 /* Base */,
			);
			name = LaunchScreen.storyboard;
			sourceTree = "<group>";
		};
/* End PBXVariantGroup section */

/* Begin XCBuildConfiguration section */
		7889D41A292104D5002A54A5 /* Debug */ = {
			isa = XCBuildConfiguration;
			buildSettings = {
				ALWAYS_SEARCH_USER_PATHS = NO;
				CLANG_ANALYZER_NONNULL = YES;
				CLANG_ANALYZER_NUMBER_OBJECT_CONVERSION = YES_AGGRESSIVE;
				CLANG_CXX_LANGUAGE_STANDARD = "gnu++20";
				CLANG_ENABLE_MODULES = YES;
				CLANG_ENABLE_OBJC_ARC = YES;
				CLANG_ENABLE_OBJC_WEAK = YES;
				CLANG_WARN_BLOCK_CAPTURE_AUTORELEASING = YES;
				CLANG_WARN_BOOL_CONVERSION = YES;
				CLANG_WARN_COMMA = YES;
				CLANG_WARN_CONSTANT_CONVERSION = YES;
				CLANG_WARN_DEPRECATED_OBJC_IMPLEMENTATIONS = YES;
				CLANG_WARN_DIRECT_OBJC_ISA_USAGE = YES_ERROR;
				CLANG_WARN_DOCUMENTATION_COMMENTS = YES;
				CLANG_WARN_EMPTY_BODY = YES;
				CLANG_WARN_ENUM_CONVERSION = YES;
				CLANG_WARN_INFINITE_RECURSION = YES;
				CLANG_WARN_INT_CONVERSION = YES;
				CLANG_WARN_NON_LITERAL_NULL_CONVERSION = YES;
				CLANG_WARN_OBJC_IMPLICIT_RETAIN_SELF = YES;
				CLANG_WARN_OBJC_LITERAL_CONVERSION = YES;
				CLANG_WARN_OBJC_ROOT_CLASS = YES_ERROR;
				CLANG_WARN_QUOTED_INCLUDE_IN_FRAMEWORK_HEADER = YES;
				CLANG_WARN_RANGE_LOOP_ANALYSIS = YES;
				CLANG_WARN_STRICT_PROTOTYPES = YES;
				CLANG_WARN_SUSPICIOUS_MOVE = YES;
				CLANG_WARN_UNGUARDED_AVAILABILITY = YES_AGGRESSIVE;
				CLANG_WARN_UNREACHABLE_CODE = YES;
				CLANG_WARN__DUPLICATE_METHOD_MATCH = YES;
				COPY_PHASE_STRIP = NO;
				DEBUG_INFORMATION_FORMAT = dwarf;
				ENABLE_STRICT_OBJC_MSGSEND = YES;
				ENABLE_TESTABILITY = YES;
				GCC_C_LANGUAGE_STANDARD = gnu11;
				GCC_DYNAMIC_NO_PIC = NO;
				GCC_NO_COMMON_BLOCKS = YES;
				GCC_OPTIMIZATION_LEVEL = 0;
				GCC_PREPROCESSOR_DEFINITIONS = (
					"DEBUG=1",
					"$(inherited)",
				);
				GCC_WARN_64_TO_32_BIT_CONVERSION = YES;
				GCC_WARN_ABOUT_RETURN_TYPE = YES_ERROR;
				GCC_WARN_UNDECLARED_SELECTOR = YES;
				GCC_WARN_UNINITIALIZED_AUTOS = YES_AGGRESSIVE;
				GCC_WARN_UNUSED_FUNCTION = YES;
				GCC_WARN_UNUSED_VARIABLE = YES;
				IPHONEOS_DEPLOYMENT_TARGET = 16.1;
				MTL_ENABLE_DEBUG_INFO = INCLUDE_SOURCE;
				MTL_FAST_MATH = YES;
				ONLY_ACTIVE_ARCH = YES;
				SDKROOT = iphoneos;
				SWIFT_ACTIVE_COMPILATION_CONDITIONS = DEBUG;
				SWIFT_OPTIMIZATION_LEVEL = "-Onone";
			};
			name = Debug;
		};
		7889D41B292104D5002A54A5 /* Release */ = {
			isa = XCBuildConfiguration;
			buildSettings = {
				ALWAYS_SEARCH_USER_PATHS = NO;
				CLANG_ANALYZER_NONNULL = YES;
				CLANG_ANALYZER_NUMBER_OBJECT_CONVERSION = YES_AGGRESSIVE;
				CLANG_CXX_LANGUAGE_STANDARD = "gnu++20";
				CLANG_ENABLE_MODULES = YES;
				CLANG_ENABLE_OBJC_ARC = YES;
				CLANG_ENABLE_OBJC_WEAK = YES;
				CLANG_WARN_BLOCK_CAPTURE_AUTORELEASING = YES;
				CLANG_WARN_BOOL_CONVERSION = YES;
				CLANG_WARN_COMMA = YES;
				CLANG_WARN_CONSTANT_CONVERSION = YES;
				CLANG_WARN_DEPRECATED_OBJC_IMPLEMENTATIONS = YES;
				CLANG_WARN_DIRECT_OBJC_ISA_USAGE = YES_ERROR;
				CLANG_WARN_DOCUMENTATION_COMMENTS = YES;
				CLANG_WARN_EMPTY_BODY = YES;
				CLANG_WARN_ENUM_CONVERSION = YES;
				CLANG_WARN_INFINITE_RECURSION = YES;
				CLANG_WARN_INT_CONVERSION = YES;
				CLANG_WARN_NON_LITERAL_NULL_CONVERSION = YES;
				CLANG_WARN_OBJC_IMPLICIT_RETAIN_SELF = YES;
				CLANG_WARN_OBJC_LITERAL_CONVERSION = YES;
				CLANG_WARN_OBJC_ROOT_CLASS = YES_ERROR;
				CLANG_WARN_QUOTED_INCLUDE_IN_FRAMEWORK_HEADER = YES;
				CLANG_WARN_RANGE_LOOP_ANALYSIS = YES;
				CLANG_WARN_STRICT_PROTOTYPES = YES;
				CLANG_WARN_SUSPICIOUS_MOVE = YES;
				CLANG_WARN_UNGUARDED_AVAILABILITY = YES_AGGRESSIVE;
				CLANG_WARN_UNREACHABLE_CODE = YES;
				CLANG_WARN__DUPLICATE_METHOD_MATCH = YES;
				COPY_PHASE_STRIP = NO;
				DEBUG_INFORMATION_FORMAT = "dwarf-with-dsym";
				ENABLE_NS_ASSERTIONS = NO;
				ENABLE_STRICT_OBJC_MSGSEND = YES;
				GCC_C_LANGUAGE_STANDARD = gnu11;
				GCC_NO_COMMON_BLOCKS = YES;
				GCC_WARN_64_TO_32_BIT_CONVERSION = YES;
				GCC_WARN_ABOUT_RETURN_TYPE = YES_ERROR;
				GCC_WARN_UNDECLARED_SELECTOR = YES;
				GCC_WARN_UNINITIALIZED_AUTOS = YES_AGGRESSIVE;
				GCC_WARN_UNUSED_FUNCTION = YES;
				GCC_WARN_UNUSED_VARIABLE = YES;
				IPHONEOS_DEPLOYMENT_TARGET = 16.1;
				MTL_ENABLE_DEBUG_INFO = NO;
				MTL_FAST_MATH = YES;
				SDKROOT = iphoneos;
				SWIFT_COMPILATION_MODE = wholemodule;
				SWIFT_OPTIMIZATION_LEVEL = "-O";
				VALIDATE_PRODUCT = YES;
			};
			name = Release;
		};
		7889D41D292104D5002A54A5 /* Debug */ = {
			isa = XCBuildConfiguration;
			baseConfigurationReference = 1EBBA29D47E5F49CA6B062D4 /* Pods-1.Realm.debug.xcconfig */;
			buildSettings = {
				ASSETCATALOG_COMPILER_APPICON_NAME = AppIcon;
				ASSETCATALOG_COMPILER_GLOBAL_ACCENT_COLOR_NAME = AccentColor;
				CODE_SIGN_STYLE = Automatic;
				CURRENT_PROJECT_VERSION = 1;
				DEVELOPMENT_TEAM = 2X83VDWRY6;
				GENERATE_INFOPLIST_FILE = YES;
				INFOPLIST_FILE = 1.Realm/Info.plist;
				INFOPLIST_KEY_UIApplicationSupportsIndirectInputEvents = YES;
				INFOPLIST_KEY_UILaunchStoryboardName = LaunchScreen;
				INFOPLIST_KEY_UIMainStoryboardFile = Main;
				INFOPLIST_KEY_UISupportedInterfaceOrientations_iPad = "UIInterfaceOrientationPortrait UIInterfaceOrientationPortraitUpsideDown UIInterfaceOrientationLandscapeLeft UIInterfaceOrientationLandscapeRight";
				INFOPLIST_KEY_UISupportedInterfaceOrientations_iPhone = "UIInterfaceOrientationPortrait UIInterfaceOrientationLandscapeLeft UIInterfaceOrientationLandscapeRight";
				LD_RUNPATH_SEARCH_PATHS = (
					"$(inherited)",
					"@executable_path/Frameworks",
				);
				MARKETING_VERSION = 1.0;
				PRODUCT_BUNDLE_IDENTIFIER = "com.zalkarbekarapbaev.--Realm";
				PRODUCT_NAME = "$(TARGET_NAME)";
				SWIFT_EMIT_LOC_STRINGS = YES;
				SWIFT_VERSION = 5.0;
				TARGETED_DEVICE_FAMILY = "1,2";
			};
			name = Debug;
		};
		7889D41E292104D5002A54A5 /* Release */ = {
			isa = XCBuildConfiguration;
			baseConfigurationReference = ADF6889A449C4EDBC64E46E3 /* Pods-1.Realm.release.xcconfig */;
			buildSettings = {
				ASSETCATALOG_COMPILER_APPICON_NAME = AppIcon;
				ASSETCATALOG_COMPILER_GLOBAL_ACCENT_COLOR_NAME = AccentColor;
				CODE_SIGN_STYLE = Automatic;
				CURRENT_PROJECT_VERSION = 1;
				DEVELOPMENT_TEAM = 2X83VDWRY6;
				GENERATE_INFOPLIST_FILE = YES;
				INFOPLIST_FILE = 1.Realm/Info.plist;
				INFOPLIST_KEY_UIApplicationSupportsIndirectInputEvents = YES;
				INFOPLIST_KEY_UILaunchStoryboardName = LaunchScreen;
				INFOPLIST_KEY_UIMainStoryboardFile = Main;
				INFOPLIST_KEY_UISupportedInterfaceOrientations_iPad = "UIInterfaceOrientationPortrait UIInterfaceOrientationPortraitUpsideDown UIInterfaceOrientationLandscapeLeft UIInterfaceOrientationLandscapeRight";
				INFOPLIST_KEY_UISupportedInterfaceOrientations_iPhone = "UIInterfaceOrientationPortrait UIInterfaceOrientationLandscapeLeft UIInterfaceOrientationLandscapeRight";
				LD_RUNPATH_SEARCH_PATHS = (
					"$(inherited)",
					"@executable_path/Frameworks",
				);
				MARKETING_VERSION = 1.0;
				PRODUCT_BUNDLE_IDENTIFIER = "com.zalkarbekarapbaev.--Realm";
				PRODUCT_NAME = "$(TARGET_NAME)";
				SWIFT_EMIT_LOC_STRINGS = YES;
				SWIFT_VERSION = 5.0;
				TARGETED_DEVICE_FAMILY = "1,2";
			};
			name = Release;
		};
/* End XCBuildConfiguration section */

/* Begin XCConfigurationList section */
		7889D403292104D4002A54A5 /* Build configuration list for PBXProject "1.Realm" */ = {
			isa = XCConfigurationList;
			buildConfigurations = (
				7889D41A292104D5002A54A5 /* Debug */,
				7889D41B292104D5002A54A5 /* Release */,
			);
			defaultConfigurationIsVisible = 0;
			defaultConfigurationName = Release;
		};
		7889D41C292104D5002A54A5 /* Build configuration list for PBXNativeTarget "1.Realm" */ = {
			isa = XCConfigurationList;
			buildConfigurations = (
				7889D41D292104D5002A54A5 /* Debug */,
				7889D41E292104D5002A54A5 /* Release */,
			);
			defaultConfigurationIsVisible = 0;
			defaultConfigurationName = Release;
		};
/* End XCConfigurationList section */
	};
	rootObject = 7889D400292104D4002A54A5 /* Project object */;
}
